
Microsoft Visual Studio Solution File, Format Version 12.00
# Visual Studio Version 16
VisualStudioVersion = 16.0.29411.108
MinimumVisualStudioVersion = 10.0.40219.1
Project("{FAE04EC0-301F-11D3-BF4B-00C04F79EFBC}") = "DILesson", "DILesson\DILesson.csproj", "{3F11AD0F-D644-4726-99FE-947549028251}"
EndProject
Global
	GlobalSection(SolutionConfigurationPlatforms) = preSolution
		Debug|Any CPU = Debug|Any CPU
		Release|Any CPU = Release|Any CPU
	EndGlobalSection
	GlobalSection(ProjectConfigurationPlatforms) = postSolution
		{3F11AD0F-D644-4726-99FE-947549028251}.Debug|Any CPU.ActiveCfg = Debug|Any CPU
		{3F11AD0F-D644-4726-99FE-947549028251}.Debug|Any CPU.Build.0 = Debug|Any CPU
		{3F11AD0F-D644-4726-99FE-947549028251}.Release|Any CPU.ActiveCfg = Release|Any CPU
		{3F11AD0F-D644-4726-99FE-947549028251}.Release|Any CPU.Build.0 = Release|Any CPU
	EndGlobalSection
	GlobalSection(SolutionProperties) = preSolution
		HideSolutionNode = FALSE
	EndGlobalSection
	GlobalSection(ExtensibilityGlobals) = postSolution
		SolutionGuid = {3593F7C6-ED39-4247-9516-C0465C22584F}
	EndGlobalSection
EndGlobal
